
Microsoft Visual Studio Solution File, Format Version 11.00
# Visual C# Express 2010
Project("{FAE04EC0-301F-11D3-BF4B-00C04F79EFBC}") = "OverloadingOperators", "OverloadingOperators\OverloadingOperators.csproj", "{63C36D46-0B41-4216-A6D0-AD130DCC9088}"
EndProject
Global
	GlobalSection(SolutionConfigurationPlatforms) = preSolution
		Debug|x86 = Debug|x86
		Release|x86 = Release|x86
	EndGlobalSection
	GlobalSection(ProjectConfigurationPlatforms) = postSolution
		{63C36D46-0B41-4216-A6D0-AD130DCC9088}.Debug|x86.ActiveCfg = Debug|x86
		{63C36D46-0B41-4216-A6D0-AD130DCC9088}.Debug|x86.Build.0 = Debug|x86
		{63C36D46-0B41-4216-A6D0-AD130DCC9088}.Release|x86.ActiveCfg = Release|x86
		{63C36D46-0B41-4216-A6D0-AD130DCC9088}.Release|x86.Build.0 = Release|x86
	EndGlobalSection
	GlobalSection(SolutionProperties) = preSolution
		HideSolutionNode = FALSE
	EndGlobalSection
EndGlobal
