
Microsoft Visual Studio Solution File, Format Version 11.00
# Visual C# Express 2010
Project("{FAE04EC0-301F-11D3-BF4B-00C04F79EFBC}") = "CustomGenericMethods", "CustomGenericMethods\CustomGenericMethods.csproj", "{CEAD1988-A51A-42DE-AFE5-F1D853ADEEDD}"
EndProject
Global
	GlobalSection(SolutionConfigurationPlatforms) = preSolution
		Debug|x86 = Debug|x86
		Release|x86 = Release|x86
	EndGlobalSection
	GlobalSection(ProjectConfigurationPlatforms) = postSolution
		{CEAD1988-A51A-42DE-AFE5-F1D853ADEEDD}.Debug|x86.ActiveCfg = Debug|x86
		{CEAD1988-A51A-42DE-AFE5-F1D853ADEEDD}.Debug|x86.Build.0 = Debug|x86
		{CEAD1988-A51A-42DE-AFE5-F1D853ADEEDD}.Release|x86.ActiveCfg = Release|x86
		{CEAD1988-A51A-42DE-AFE5-F1D853ADEEDD}.Release|x86.Build.0 = Release|x86
	EndGlobalSection
	GlobalSection(SolutionProperties) = preSolution
		HideSolutionNode = FALSE
	EndGlobalSection
EndGlobal
